// !$*UTF8*$!
{
	archiveVersion = 1;
	classes = {
	};
	objectVersion = 46;
	objects = {

/* Begin PBXBuildFile section */
		3C3065EB1AA66B3E00A0C8FE /* ABMediums.m in Sources */ = {isa = PBXBuildFile; fileRef = 3C3065EA1AA66B3E00A0C8FE /* ABMediums.m */; };
		3C3065EF1AA6726800A0C8FE /* MediumViewController.m in Sources */ = {isa = PBXBuildFile; fileRef = 3C3065ED1AA6726800A0C8FE /* MediumViewController.m */; };
		3C3065F01AA6726800A0C8FE /* MediumViewController.xib in Resources */ = {isa = PBXBuildFile; fileRef = 3C3065EE1AA6726800A0C8FE /* MediumViewController.xib */; };
		3C38F48E1A91067E00825D15 /* ABArtworks.m in Sources */ = {isa = PBXBuildFile; fileRef = 3C38F48D1A91067E00825D15 /* ABArtworks.m */; };
		3C5FD5E31A7AC88600210292 /* TableController.m in Sources */ = {isa = PBXBuildFile; fileRef = 3C5FD5E21A7AC88600210292 /* TableController.m */; };
		3C8772F51A72A4B900A1EC91 /* AppDelegate.m in Sources */ = {isa = PBXBuildFile; fileRef = 3C8772F41A72A4B900A1EC91 /* AppDelegate.m */; };
		3C8772F71A72A4B900A1EC91 /* main.m in Sources */ = {isa = PBXBuildFile; fileRef = 3C8772F61A72A4B900A1EC91 /* main.m */; };
		3C8772FA1A72A4B900A1EC91 /* ViewController.m in Sources */ = {isa = PBXBuildFile; fileRef = 3C8772F91A72A4B900A1EC91 /* ViewController.m */; };
		3C8772FD1A72A4B900A1EC91 /* ArtbaseWS_objc.xcdatamodeld in Sources */ = {isa = PBXBuildFile; fileRef = 3C8772FB1A72A4B900A1EC91 /* ArtbaseWS_objc.xcdatamodeld */; };
		3C8772FF1A72A4B900A1EC91 /* Images.xcassets in Resources */ = {isa = PBXBuildFile; fileRef = 3C8772FE1A72A4B900A1EC91 /* Images.xcassets */; };
		3C8773021A72A4B900A1EC91 /* Main.storyboard in Resources */ = {isa = PBXBuildFile; fileRef = 3C8773001A72A4B900A1EC91 /* Main.storyboard */; };
		3C87730E1A72A4B900A1EC91 /* ArtbaseWS_objcTests.m in Sources */ = {isa = PBXBuildFile; fileRef = 3C87730D1A72A4B900A1EC91 /* ArtbaseWS_objcTests.m */; };
		3C8773191A72C70F00A1EC91 /* ArtworkEntity.m in Sources */ = {isa = PBXBuildFile; fileRef = 3C8773181A72C70F00A1EC91 /* ArtworkEntity.m */; };
		3CCACD861A7E7BBE00D5ACFE /* ABDatabase.m in Sources */ = {isa = PBXBuildFile; fileRef = 3CCACD851A7E7BBE00D5ACFE /* ABDatabase.m */; };
		3CCB1D361AA505D4008DAC2A /* MediumEntity.m in Sources */ = {isa = PBXBuildFile; fileRef = 3CCB1D351AA505D4008DAC2A /* MediumEntity.m */; };
		3CCF6D7D1A7BF36F002FD898 /* TestButtonController.m in Sources */ = {isa = PBXBuildFile; fileRef = 3CCF6D7C1A7BF36F002FD898 /* TestButtonController.m */; };
		9BF5E220C75856ED41EC00A7 /* libPods.a in Frameworks */ = {isa = PBXBuildFile; fileRef = 6D25CB2CAF0CDC8939346489 /* libPods.a */; };
/* End PBXBuildFile section */

/* Begin PBXContainerItemProxy section */
		3C8773081A72A4B900A1EC91 /* PBXContainerItemProxy */ = {
			isa = PBXContainerItemProxy;
			containerPortal = 3C8772E61A72A4B900A1EC91 /* Project object */;
			proxyType = 1;
			remoteGlobalIDString = 3C8772ED1A72A4B900A1EC91;
			remoteInfo = "ArtbaseWS-objc";
		};
/* End PBXContainerItemProxy section */

/* Begin PBXFileReference section */
		299B75F35C4073FD1CFB0774 /* Pods.debug.xcconfig */ = {isa = PBXFileReference; includeInIndex = 1; lastKnownFileType = text.xcconfig; name = Pods.debug.xcconfig; path = "Pods/Target Support Files/Pods/Pods.debug.xcconfig"; sourceTree = "<group>"; };
		3C3065E91AA66B3E00A0C8FE /* ABMediums.h */ = {isa = PBXFileReference; fileEncoding = 4; lastKnownFileType = sourcecode.c.h; path = ABMediums.h; sourceTree = "<group>"; };
		3C3065EA1AA66B3E00A0C8FE /* ABMediums.m */ = {isa = PBXFileReference; fileEncoding = 4; lastKnownFileType = sourcecode.c.objc; path = ABMediums.m; sourceTree = "<group>"; };
		3C3065EC1AA6726800A0C8FE /* MediumViewController.h */ = {isa = PBXFileReference; fileEncoding = 4; lastKnownFileType = sourcecode.c.h; path = MediumViewController.h; sourceTree = "<group>"; };
		3C3065ED1AA6726800A0C8FE /* MediumViewController.m */ = {isa = PBXFileReference; fileEncoding = 4; lastKnownFileType = sourcecode.c.objc; path = MediumViewController.m; sourceTree = "<group>"; };
		3C3065EE1AA6726800A0C8FE /* MediumViewController.xib */ = {isa = PBXFileReference; fileEncoding = 4; lastKnownFileType = file.xib; path = MediumViewController.xib; sourceTree = "<group>"; };
		3C38F48C1A91067E00825D15 /* ABArtworks.h */ = {isa = PBXFileReference; fileEncoding = 4; lastKnownFileType = sourcecode.c.h; path = ABArtworks.h; sourceTree = "<group>"; };
		3C38F48D1A91067E00825D15 /* ABArtworks.m */ = {isa = PBXFileReference; fileEncoding = 4; lastKnownFileType = sourcecode.c.objc; path = ABArtworks.m; sourceTree = "<group>"; };
		3C38F4911A91096200825D15 /* MyPlayground.playground */ = {isa = PBXFileReference; lastKnownFileType = file.playground; name = MyPlayground.playground; path = Playground/MyPlayground.playground; sourceTree = "<group>"; };
		3C5FD5E11A7AC88600210292 /* TableController.h */ = {isa = PBXFileReference; fileEncoding = 4; lastKnownFileType = sourcecode.c.h; path = TableController.h; sourceTree = "<group>"; };
		3C5FD5E21A7AC88600210292 /* TableController.m */ = {isa = PBXFileReference; fileEncoding = 4; lastKnownFileType = sourcecode.c.objc; path = TableController.m; sourceTree = "<group>"; };
		3C8772EE1A72A4B900A1EC91 /* ArtbaseWS-objc.app */ = {isa = PBXFileReference; explicitFileType = wrapper.application; includeInIndex = 0; path = "ArtbaseWS-objc.app"; sourceTree = BUILT_PRODUCTS_DIR; };
		3C8772F21A72A4B900A1EC91 /* Info.plist */ = {isa = PBXFileReference; lastKnownFileType = text.plist.xml; path = Info.plist; sourceTree = "<group>"; };
		3C8772F31A72A4B900A1EC91 /* AppDelegate.h */ = {isa = PBXFileReference; lastKnownFileType = sourcecode.c.h; path = AppDelegate.h; sourceTree = "<group>"; };
		3C8772F41A72A4B900A1EC91 /* AppDelegate.m */ = {isa = PBXFileReference; lastKnownFileType = sourcecode.c.objc; path = AppDelegate.m; sourceTree = "<group>"; };
		3C8772F61A72A4B900A1EC91 /* main.m */ = {isa = PBXFileReference; lastKnownFileType = sourcecode.c.objc; path = main.m; sourceTree = "<group>"; };
		3C8772F81A72A4B900A1EC91 /* ViewController.h */ = {isa = PBXFileReference; lastKnownFileType = sourcecode.c.h; path = ViewController.h; sourceTree = "<group>"; };
		3C8772F91A72A4B900A1EC91 /* ViewController.m */ = {isa = PBXFileReference; lastKnownFileType = sourcecode.c.objc; path = ViewController.m; sourceTree = "<group>"; };
		3C8772FC1A72A4B900A1EC91 /* ArtbaseWS_objc.xcdatamodel */ = {isa = PBXFileReference; lastKnownFileType = wrapper.xcdatamodel; path = ArtbaseWS_objc.xcdatamodel; sourceTree = "<group>"; };
		3C8772FE1A72A4B900A1EC91 /* Images.xcassets */ = {isa = PBXFileReference; lastKnownFileType = folder.assetcatalog; path = Images.xcassets; sourceTree = "<group>"; };
		3C8773011A72A4B900A1EC91 /* Base */ = {isa = PBXFileReference; lastKnownFileType = file.storyboard; name = Base; path = Base.lproj/Main.storyboard; sourceTree = "<group>"; };
		3C8773071A72A4B900A1EC91 /* ArtbaseWS-objcTests.xctest */ = {isa = PBXFileReference; explicitFileType = wrapper.cfbundle; includeInIndex = 0; path = "ArtbaseWS-objcTests.xctest"; sourceTree = BUILT_PRODUCTS_DIR; };
		3C87730C1A72A4B900A1EC91 /* Info.plist */ = {isa = PBXFileReference; lastKnownFileType = text.plist.xml; path = Info.plist; sourceTree = "<group>"; };
		3C87730D1A72A4B900A1EC91 /* ArtbaseWS_objcTests.m */ = {isa = PBXFileReference; lastKnownFileType = sourcecode.c.objc; path = ArtbaseWS_objcTests.m; sourceTree = "<group>"; };
		3C8773171A72C70F00A1EC91 /* ArtworkEntity.h */ = {isa = PBXFileReference; fileEncoding = 4; lastKnownFileType = sourcecode.c.h; path = ArtworkEntity.h; sourceTree = "<group>"; };
		3C8773181A72C70F00A1EC91 /* ArtworkEntity.m */ = {isa = PBXFileReference; fileEncoding = 4; lastKnownFileType = sourcecode.c.objc; path = ArtworkEntity.m; sourceTree = "<group>"; };
		3CCACD841A7E7BBE00D5ACFE /* ABDatabase.h */ = {isa = PBXFileReference; fileEncoding = 4; lastKnownFileType = sourcecode.c.h; path = ABDatabase.h; sourceTree = "<group>"; };
		3CCACD851A7E7BBE00D5ACFE /* ABDatabase.m */ = {isa = PBXFileReference; fileEncoding = 4; lastKnownFileType = sourcecode.c.objc; path = ABDatabase.m; sourceTree = "<group>"; };
		3CCB1D341AA505D4008DAC2A /* MediumEntity.h */ = {isa = PBXFileReference; fileEncoding = 4; lastKnownFileType = sourcecode.c.h; path = MediumEntity.h; sourceTree = "<group>"; };
		3CCB1D351AA505D4008DAC2A /* MediumEntity.m */ = {isa = PBXFileReference; fileEncoding = 4; lastKnownFileType = sourcecode.c.objc; path = MediumEntity.m; sourceTree = "<group>"; };
		3CCF6D7B1A7BF36F002FD898 /* TestButtonController.h */ = {isa = PBXFileReference; fileEncoding = 4; lastKnownFileType = sourcecode.c.h; path = TestButtonController.h; sourceTree = "<group>"; };
		3CCF6D7C1A7BF36F002FD898 /* TestButtonController.m */ = {isa = PBXFileReference; fileEncoding = 4; lastKnownFileType = sourcecode.c.objc; path = TestButtonController.m; sourceTree = "<group>"; };
		6D25CB2CAF0CDC8939346489 /* libPods.a */ = {isa = PBXFileReference; explicitFileType = archive.ar; includeInIndex = 0; path = libPods.a; sourceTree = BUILT_PRODUCTS_DIR; };
		85DE0062462933F3B4AE504D /* Pods.release.xcconfig */ = {isa = PBXFileReference; includeInIndex = 1; lastKnownFileType = text.xcconfig; name = Pods.release.xcconfig; path = "Pods/Target Support Files/Pods/Pods.release.xcconfig"; sourceTree = "<group>"; };
/* End PBXFileReference section */

/* Begin PBXFrameworksBuildPhase section */
		3C8772EB1A72A4B900A1EC91 /* Frameworks */ = {
			isa = PBXFrameworksBuildPhase;
			buildActionMask = 2147483647;
			files = (
				9BF5E220C75856ED41EC00A7 /* libPods.a in Frameworks */,
			);
			runOnlyForDeploymentPostprocessing = 0;
		};
		3C8773041A72A4B900A1EC91 /* Frameworks */ = {
			isa = PBXFrameworksBuildPhase;
			buildActionMask = 2147483647;
			files = (
			);
			runOnlyForDeploymentPostprocessing = 0;
		};
/* End PBXFrameworksBuildPhase section */

/* Begin PBXGroup section */
		0621E94FF005CB9065F2413A /* Pods */ = {
			isa = PBXGroup;
			children = (
				299B75F35C4073FD1CFB0774 /* Pods.debug.xcconfig */,
				85DE0062462933F3B4AE504D /* Pods.release.xcconfig */,
			);
			name = Pods;
			sourceTree = "<group>";
		};
		3C38F4901A91092D00825D15 /* Playground */ = {
			isa = PBXGroup;
			children = (
				3C38F4911A91096200825D15 /* MyPlayground.playground */,
			);
			name = Playground;
			sourceTree = "<group>";
		};
		3C8772E51A72A4B900A1EC91 = {
			isa = PBXGroup;
			children = (
				3C38F4901A91092D00825D15 /* Playground */,
				3C8772F01A72A4B900A1EC91 /* ArtbaseWS-objc */,
				3C87730A1A72A4B900A1EC91 /* ArtbaseWS-objcTests */,
				3C8772EF1A72A4B900A1EC91 /* Products */,
				0621E94FF005CB9065F2413A /* Pods */,
				CD02FB97CCCFF718A72B3359 /* Frameworks */,
			);
			sourceTree = "<group>";
		};
		3C8772EF1A72A4B900A1EC91 /* Products */ = {
			isa = PBXGroup;
			children = (
				3C8772EE1A72A4B900A1EC91 /* ArtbaseWS-objc.app */,
				3C8773071A72A4B900A1EC91 /* ArtbaseWS-objcTests.xctest */,
			);
			name = Products;
			sourceTree = "<group>";
		};
		3C8772F01A72A4B900A1EC91 /* ArtbaseWS-objc */ = {
			isa = PBXGroup;
			children = (
				3C8772F31A72A4B900A1EC91 /* AppDelegate.h */,
				3C5FD5E11A7AC88600210292 /* TableController.h */,
				3C5FD5E21A7AC88600210292 /* TableController.m */,
				3C8772F41A72A4B900A1EC91 /* AppDelegate.m */,
				3C8772F81A72A4B900A1EC91 /* ViewController.h */,
				3C3065EC1AA6726800A0C8FE /* MediumViewController.h */,
				3C3065ED1AA6726800A0C8FE /* MediumViewController.m */,
				3C3065EE1AA6726800A0C8FE /* MediumViewController.xib */,
				3C8772F91A72A4B900A1EC91 /* ViewController.m */,
				3C38F48C1A91067E00825D15 /* ABArtworks.h */,
				3C3065E91AA66B3E00A0C8FE /* ABMediums.h */,
				3C3065EA1AA66B3E00A0C8FE /* ABMediums.m */,
				3C38F48D1A91067E00825D15 /* ABArtworks.m */,
				3C8772FE1A72A4B900A1EC91 /* Images.xcassets */,
				3C8773001A72A4B900A1EC91 /* Main.storyboard */,
				3CCACD841A7E7BBE00D5ACFE /* ABDatabase.h */,
				3CCACD851A7E7BBE00D5ACFE /* ABDatabase.m */,
				3CCF6D7B1A7BF36F002FD898 /* TestButtonController.h */,
				3CCF6D7C1A7BF36F002FD898 /* TestButtonController.m */,
				3C8772FB1A72A4B900A1EC91 /* ArtbaseWS_objc.xcdatamodeld */,
				3C8773181A72C70F00A1EC91 /* ArtworkEntity.m */,
				3C8773171A72C70F00A1EC91 /* ArtworkEntity.h */,
				3C8772F11A72A4B900A1EC91 /* Supporting Files */,
				3CCB1D341AA505D4008DAC2A /* MediumEntity.h */,
				3CCB1D351AA505D4008DAC2A /* MediumEntity.m */,
			);
			path = "ArtbaseWS-objc";
			sourceTree = "<group>";
		};
		3C8772F11A72A4B900A1EC91 /* Supporting Files */ = {
			isa = PBXGroup;
			children = (
				3C8772F21A72A4B900A1EC91 /* Info.plist */,
				3C8772F61A72A4B900A1EC91 /* main.m */,
			);
			name = "Supporting Files";
			sourceTree = "<group>";
		};
		3C87730A1A72A4B900A1EC91 /* ArtbaseWS-objcTests */ = {
			isa = PBXGroup;
			children = (
				3C87730D1A72A4B900A1EC91 /* ArtbaseWS_objcTests.m */,
				3C87730B1A72A4B900A1EC91 /* Supporting Files */,
			);
			path = "ArtbaseWS-objcTests";
			sourceTree = "<group>";
		};
		3C87730B1A72A4B900A1EC91 /* Supporting Files */ = {
			isa = PBXGroup;
			children = (
				3C87730C1A72A4B900A1EC91 /* Info.plist */,
			);
			name = "Supporting Files";
			sourceTree = "<group>";
		};
		CD02FB97CCCFF718A72B3359 /* Frameworks */ = {
			isa = PBXGroup;
			children = (
				6D25CB2CAF0CDC8939346489 /* libPods.a */,
			);
			name = Frameworks;
			sourceTree = "<group>";
		};
/* End PBXGroup section */

/* Begin PBXNativeTarget section */
		3C8772ED1A72A4B900A1EC91 /* ArtbaseWS-objc */ = {
			isa = PBXNativeTarget;
			buildConfigurationList = 3C8773111A72A4B900A1EC91 /* Build configuration list for PBXNativeTarget "ArtbaseWS-objc" */;
			buildPhases = (
				2440DE9F8CFDD9142E807555 /* Check Pods Manifest.lock */,
				3C8772EA1A72A4B900A1EC91 /* Sources */,
				3C8772EB1A72A4B900A1EC91 /* Frameworks */,
				3C8772EC1A72A4B900A1EC91 /* Resources */,
				A446ED82AA49E5D710C8ABD8 /* Copy Pods Resources */,
			);
			buildRules = (
			);
			dependencies = (
			);
			name = "ArtbaseWS-objc";
			productName = "ArtbaseWS-objc";
			productReference = 3C8772EE1A72A4B900A1EC91 /* ArtbaseWS-objc.app */;
			productType = "com.apple.product-type.application";
		};
		3C8773061A72A4B900A1EC91 /* ArtbaseWS-objcTests */ = {
			isa = PBXNativeTarget;
			buildConfigurationList = 3C8773141A72A4B900A1EC91 /* Build configuration list for PBXNativeTarget "ArtbaseWS-objcTests" */;
			buildPhases = (
				3C8773031A72A4B900A1EC91 /* Sources */,
				3C8773041A72A4B900A1EC91 /* Frameworks */,
				3C8773051A72A4B900A1EC91 /* Resources */,
			);
			buildRules = (
			);
			dependencies = (
				3C8773091A72A4B900A1EC91 /* PBXTargetDependency */,
			);
			name = "ArtbaseWS-objcTests";
			productName = "ArtbaseWS-objcTests";
			productReference = 3C8773071A72A4B900A1EC91 /* ArtbaseWS-objcTests.xctest */;
			productType = "com.apple.product-type.bundle.unit-test";
		};
/* End PBXNativeTarget section */

/* Begin PBXProject section */
		3C8772E61A72A4B900A1EC91 /* Project object */ = {
			isa = PBXProject;
			attributes = {
				LastUpgradeCheck = 0610;
				ORGANIZATIONNAME = iangillingham.net;
				TargetAttributes = {
					3C8772ED1A72A4B900A1EC91 = {
						CreatedOnToolsVersion = 6.1.1;
					};
					3C8773061A72A4B900A1EC91 = {
						CreatedOnToolsVersion = 6.1.1;
						TestTargetID = 3C8772ED1A72A4B900A1EC91;
					};
				};
			};
			buildConfigurationList = 3C8772E91A72A4B900A1EC91 /* Build configuration list for PBXProject "ArtbaseWS-objc" */;
			compatibilityVersion = "Xcode 3.2";
			developmentRegion = English;
			hasScannedForEncodings = 0;
			knownRegions = (
				en,
				Base,
			);
			mainGroup = 3C8772E51A72A4B900A1EC91;
			productRefGroup = 3C8772EF1A72A4B900A1EC91 /* Products */;
			projectDirPath = "";
			projectRoot = "";
			targets = (
				3C8772ED1A72A4B900A1EC91 /* ArtbaseWS-objc */,
				3C8773061A72A4B900A1EC91 /* ArtbaseWS-objcTests */,
			);
		};
/* End PBXProject section */

/* Begin PBXResourcesBuildPhase section */
		3C8772EC1A72A4B900A1EC91 /* Resources */ = {
			isa = PBXResourcesBuildPhase;
			buildActionMask = 2147483647;
			files = (
				3C3065F01AA6726800A0C8FE /* MediumViewController.xib in Resources */,
				3C8772FF1A72A4B900A1EC91 /* Images.xcassets in Resources */,
				3C8773021A72A4B900A1EC91 /* Main.storyboard in Resources */,
			);
			runOnlyForDeploymentPostprocessing = 0;
		};
		3C8773051A72A4B900A1EC91 /* Resources */ = {
			isa = PBXResourcesBuildPhase;
			buildActionMask = 2147483647;
			files = (
			);
			runOnlyForDeploymentPostprocessing = 0;
		};
/* End PBXResourcesBuildPhase section */

/* Begin PBXShellScriptBuildPhase section */
		2440DE9F8CFDD9142E807555 /* Check Pods Manifest.lock */ = {
			isa = PBXShellScriptBuildPhase;
			buildActionMask = 2147483647;
			files = (
			);
			inputPaths = (
			);
			name = "Check Pods Manifest.lock";
			outputPaths = (
			);
			runOnlyForDeploymentPostprocessing = 0;
			shellPath = /bin/sh;
			shellScript = "diff \"${PODS_ROOT}/../Podfile.lock\" \"${PODS_ROOT}/Manifest.lock\" > /dev/null\nif [[ $? != 0 ]] ; then\n    cat << EOM\nerror: The sandbox is not in sync with the Podfile.lock. Run 'pod install' or update your CocoaPods installation.\nEOM\n    exit 1\nfi\n";
			showEnvVarsInLog = 0;
		};
		A446ED82AA49E5D710C8ABD8 /* Copy Pods Resources */ = {
			isa = PBXShellScriptBuildPhase;
			buildActionMask = 2147483647;
			files = (
			);
			inputPaths = (
			);
			name = "Copy Pods Resources";
			outputPaths = (
			);
			runOnlyForDeploymentPostprocessing = 0;
			shellPath = /bin/sh;
			shellScript = "\"${SRCROOT}/Pods/Target Support Files/Pods/Pods-resources.sh\"\n";
			showEnvVarsInLog = 0;
		};
/* End PBXShellScriptBuildPhase section */

/* Begin PBXSourcesBuildPhase section */
		3C8772EA1A72A4B900A1EC91 /* Sources */ = {
			isa = PBXSourcesBuildPhase;
			buildActionMask = 2147483647;
			files = (
				3CCF6D7D1A7BF36F002FD898 /* TestButtonController.m in Sources */,
				3C5FD5E31A7AC88600210292 /* TableController.m in Sources */,
				3C8772FD1A72A4B900A1EC91 /* ArtbaseWS_objc.xcdatamodeld in Sources */,
				3CCB1D361AA505D4008DAC2A /* MediumEntity.m in Sources */,
				3C8773191A72C70F00A1EC91 /* ArtworkEntity.m in Sources */,
				3C8772FA1A72A4B900A1EC91 /* ViewController.m in Sources */,
				3C38F48E1A91067E00825D15 /* ABArtworks.m in Sources */,
				3C3065EB1AA66B3E00A0C8FE /* ABMediums.m in Sources */,
				3C8772F71A72A4B900A1EC91 /* main.m in Sources */,
				3C3065EF1AA6726800A0C8FE /* MediumViewController.m in Sources */,
				3C8772F51A72A4B900A1EC91 /* AppDelegate.m in Sources */,
				3CCACD861A7E7BBE00D5ACFE /* ABDatabase.m in Sources */,
			);
			runOnlyForDeploymentPostprocessing = 0;
		};
		3C8773031A72A4B900A1EC91 /* Sources */ = {
			isa = PBXSourcesBuildPhase;
			buildActionMask = 2147483647;
			files = (
				3C87730E1A72A4B900A1EC91 /* ArtbaseWS_objcTests.m in Sources */,
			);
			runOnlyForDeploymentPostprocessing = 0;
		};
/* End PBXSourcesBuildPhase section */

/* Begin PBXTargetDependency section */
		3C8773091A72A4B900A1EC91 /* PBXTargetDependency */ = {
			isa = PBXTargetDependency;
			target = 3C8772ED1A72A4B900A1EC91 /* ArtbaseWS-objc */;
			targetProxy = 3C8773081A72A4B900A1EC91 /* PBXContainerItemProxy */;
		};
/* End PBXTargetDependency section */

/* Begin PBXVariantGroup section */
		3C8773001A72A4B900A1EC91 /* Main.storyboard */ = {
			isa = PBXVariantGroup;
			children = (
				3C8773011A72A4B900A1EC91 /* Base */,
			);
			name = Main.storyboard;
			sourceTree = "<group>";
		};
/* End PBXVariantGroup section */

/* Begin XCBuildConfiguration section */
		3C87730F1A72A4B900A1EC91 /* Debug */ = {
			isa = XCBuildConfiguration;
			buildSettings = {
				ALWAYS_SEARCH_USER_PATHS = NO;
				CLANG_CXX_LANGUAGE_STANDARD = "gnu++0x";
				CLANG_CXX_LIBRARY = "libc++";
				CLANG_ENABLE_MODULES = YES;
				CLANG_ENABLE_OBJC_ARC = YES;
				CLANG_WARN_BOOL_CONVERSION = YES;
				CLANG_WARN_CONSTANT_CONVERSION = YES;
				CLANG_WARN_DIRECT_OBJC_ISA_USAGE = YES_ERROR;
				CLANG_WARN_EMPTY_BODY = YES;
				CLANG_WARN_ENUM_CONVERSION = YES;
				CLANG_WARN_INT_CONVERSION = YES;
				CLANG_WARN_OBJC_ROOT_CLASS = YES_ERROR;
				CLANG_WARN_UNREACHABLE_CODE = YES;
				CLANG_WARN__DUPLICATE_METHOD_MATCH = YES;
				CODE_SIGN_IDENTITY = "-";
				COPY_PHASE_STRIP = NO;
				ENABLE_STRICT_OBJC_MSGSEND = YES;
				GCC_C_LANGUAGE_STANDARD = gnu99;
				GCC_DYNAMIC_NO_PIC = NO;
				GCC_OPTIMIZATION_LEVEL = 0;
				GCC_PREPROCESSOR_DEFINITIONS = (
					"DEBUG=1",
					"$(inherited)",
				);
				GCC_SYMBOLS_PRIVATE_EXTERN = NO;
				GCC_WARN_64_TO_32_BIT_CONVERSION = YES;
				GCC_WARN_ABOUT_RETURN_TYPE = YES_ERROR;
				GCC_WARN_UNDECLARED_SELECTOR = YES;
				GCC_WARN_UNINITIALIZED_AUTOS = YES_AGGRESSIVE;
				GCC_WARN_UNUSED_FUNCTION = YES;
				GCC_WARN_UNUSED_VARIABLE = YES;
				MACOSX_DEPLOYMENT_TARGET = 10.10;
				MTL_ENABLE_DEBUG_INFO = YES;
				ONLY_ACTIVE_ARCH = YES;
				SDKROOT = macosx;
			};
			name = Debug;
		};
		3C8773101A72A4B900A1EC91 /* Release */ = {
			isa = XCBuildConfiguration;
			buildSettings = {
				ALWAYS_SEARCH_USER_PATHS = NO;
				CLANG_CXX_LANGUAGE_STANDARD = "gnu++0x";
				CLANG_CXX_LIBRARY = "libc++";
				CLANG_ENABLE_MODULES = YES;
				CLANG_ENABLE_OBJC_ARC = YES;
				CLANG_WARN_BOOL_CONVERSION = YES;
				CLANG_WARN_CONSTANT_CONVERSION = YES;
				CLANG_WARN_DIRECT_OBJC_ISA_USAGE = YES_ERROR;
				CLANG_WARN_EMPTY_BODY = YES;
				CLANG_WARN_ENUM_CONVERSION = YES;
				CLANG_WARN_INT_CONVERSION = YES;
				CLANG_WARN_OBJC_ROOT_CLASS = YES_ERROR;
				CLANG_WARN_UNREACHABLE_CODE = YES;
				CLANG_WARN__DUPLICATE_METHOD_MATCH = YES;
				CODE_SIGN_IDENTITY = "-";
				COPY_PHASE_STRIP = YES;
				DEBUG_INFORMATION_FORMAT = "dwarf-with-dsym";
				ENABLE_NS_ASSERTIONS = NO;
				ENABLE_STRICT_OBJC_MSGSEND = YES;
				GCC_C_LANGUAGE_STANDARD = gnu99;
				GCC_WARN_64_TO_32_BIT_CONVERSION = YES;
				GCC_WARN_ABOUT_RETURN_TYPE = YES_ERROR;
				GCC_WARN_UNDECLARED_SELECTOR = YES;
				GCC_WARN_UNINITIALIZED_AUTOS = YES_AGGRESSIVE;
				GCC_WARN_UNUSED_FUNCTION = YES;
				GCC_WARN_UNUSED_VARIABLE = YES;
				MACOSX_DEPLOYMENT_TARGET = 10.10;
				MTL_ENABLE_DEBUG_INFO = NO;
				SDKROOT = macosx;
			};
			name = Release;
		};
		3C8773121A72A4B900A1EC91 /* Debug */ = {
			isa = XCBuildConfiguration;
			baseConfigurationReference = 299B75F35C4073FD1CFB0774 /* Pods.debug.xcconfig */;
			buildSettings = {
				ASSETCATALOG_COMPILER_APPICON_NAME = AppIcon;
				COMBINE_HIDPI_IMAGES = YES;
				INFOPLIST_FILE = "ArtbaseWS-objc/Info.plist";
				LD_RUNPATH_SEARCH_PATHS = "$(inherited) @executable_path/../Frameworks";
				PRODUCT_NAME = "$(TARGET_NAME)";
			};
			name = Debug;
		};
		3C8773131A72A4B900A1EC91 /* Release */ = {
			isa = XCBuildConfiguration;
			baseConfigurationReference = 85DE0062462933F3B4AE504D /* Pods.release.xcconfig */;
			buildSettings = {
				ASSETCATALOG_COMPILER_APPICON_NAME = AppIcon;
				COMBINE_HIDPI_IMAGES = YES;
				INFOPLIST_FILE = "ArtbaseWS-objc/Info.plist";
				LD_RUNPATH_SEARCH_PATHS = "$(inherited) @executable_path/../Frameworks";
				PRODUCT_NAME = "$(TARGET_NAME)";
			};
			name = Release;
		};
		3C8773151A72A4B900A1EC91 /* Debug */ = {
			isa = XCBuildConfiguration;
			buildSettings = {
				BUNDLE_LOADER = "$(TEST_HOST)";
				COMBINE_HIDPI_IMAGES = YES;
				FRAMEWORK_SEARCH_PATHS = (
					"$(DEVELOPER_FRAMEWORKS_DIR)",
					"$(inherited)",
				);
				GCC_PREPROCESSOR_DEFINITIONS = (
					"DEBUG=1",
					"$(inherited)",
				);
				INFOPLIST_FILE = "ArtbaseWS-objcTests/Info.plist";
				LD_RUNPATH_SEARCH_PATHS = "$(inherited) @executable_path/../Frameworks @loader_path/../Frameworks";
				PRODUCT_NAME = "$(TARGET_NAME)";
				TEST_HOST = "$(BUILT_PRODUCTS_DIR)/ArtbaseWS-objc.app/Contents/MacOS/ArtbaseWS-objc";
			};
			name = Debug;
		};
		3C8773161A72A4B900A1EC91 /* Release */ = {
			isa = XCBuildConfiguration;
			buildSettings = {
				BUNDLE_LOADER = "$(TEST_HOST)";
				COMBINE_HIDPI_IMAGES = YES;
				FRAMEWORK_SEARCH_PATHS = (
					"$(DEVELOPER_FRAMEWORKS_DIR)",
					"$(inherited)",
				);
				INFOPLIST_FILE = "ArtbaseWS-objcTests/Info.plist";
				LD_RUNPATH_SEARCH_PATHS = "$(inherited) @executable_path/../Frameworks @loader_path/../Frameworks";
				PRODUCT_NAME = "$(TARGET_NAME)";
				TEST_HOST = "$(BUILT_PRODUCTS_DIR)/ArtbaseWS-objc.app/Contents/MacOS/ArtbaseWS-objc";
			};
			name = Release;
		};
/* End XCBuildConfiguration section */

/* Begin XCConfigurationList section */
		3C8772E91A72A4B900A1EC91 /* Build configuration list for PBXProject "ArtbaseWS-objc" */ = {
			isa = XCConfigurationList;
			buildConfigurations = (
				3C87730F1A72A4B900A1EC91 /* Debug */,
				3C8773101A72A4B900A1EC91 /* Release */,
			);
			defaultConfigurationIsVisible = 0;
			defaultConfigurationName = Release;
		};
		3C8773111A72A4B900A1EC91 /* Build configuration list for PBXNativeTarget "ArtbaseWS-objc" */ = {
			isa = XCConfigurationList;
			buildConfigurations = (
				3C8773121A72A4B900A1EC91 /* Debug */,
				3C8773131A72A4B900A1EC91 /* Release */,
			);
			defaultConfigurationIsVisible = 0;
			defaultConfigurationName = Release;
		};
		3C8773141A72A4B900A1EC91 /* Build configuration list for PBXNativeTarget "ArtbaseWS-objcTests" */ = {
			isa = XCConfigurationList;
			buildConfigurations = (
				3C8773151A72A4B900A1EC91 /* Debug */,
				3C8773161A72A4B900A1EC91 /* Release */,
			);
			defaultConfigurationIsVisible = 0;
			defaultConfigurationName = Release;
		};
/* End XCConfigurationList section */

/* Begin XCVersionGroup section */
		3C8772FB1A72A4B900A1EC91 /* ArtbaseWS_objc.xcdatamodeld */ = {
			isa = XCVersionGroup;
			children = (
				3C8772FC1A72A4B900A1EC91 /* ArtbaseWS_objc.xcdatamodel */,
			);
			currentVersion = 3C8772FC1A72A4B900A1EC91 /* ArtbaseWS_objc.xcdatamodel */;
			path = ArtbaseWS_objc.xcdatamodeld;
			sourceTree = "<group>";
			versionGroupType = wrapper.xcdatamodel;
		};
/* End XCVersionGroup section */
	};
	rootObject = 3C8772E61A72A4B900A1EC91 /* Project object */;
}
